// !$*UTF8*$!
{
	archiveVersion = 1;
	classes = {
	};
	objectVersion = 46;
	objects = {

/* Begin PBXBuildFile section */
		18BC6F9C39B560C4D229DA46 /* Pods_DeliveryApp.framework in Frameworks */ = {isa = PBXBuildFile; fileRef = A27CB9B9E0262CA31C50033A /* Pods_DeliveryApp.framework */; };
		2BBD87D12ACBAF53031AEFB9 /* Pods_DeliveryApp_WatchKit_Extension.framework in Frameworks */ = {isa = PBXBuildFile; fileRef = 4FB3FF603BF5878E95AA84C8 /* Pods_DeliveryApp_WatchKit_Extension.framework */; };
		50403AC9FA0FB2395AE4DD07 /* Pods_DeliveryAppTests.framework in Frameworks */ = {isa = PBXBuildFile; fileRef = BD72C67300BC1078D3CA4A8C /* Pods_DeliveryAppTests.framework */; };
		57E6E311AD79AF349415973C /* Pods_DeliveryAppUITests.framework in Frameworks */ = {isa = PBXBuildFile; fileRef = DD9E01141C551298CB89BB54 /* Pods_DeliveryAppUITests.framework */; };
		61ACAE02AA2880B8A0F9D493 /* Pods_DeliveryApp_WatchKit_App.framework in Frameworks */ = {isa = PBXBuildFile; fileRef = 68E1C9E856426C2892CFAC9A /* Pods_DeliveryApp_WatchKit_App.framework */; };
		B1F1520C1E6277210090AFC0 /* ScreenSplash.storyboard in Resources */ = {isa = PBXBuildFile; fileRef = B1F1520B1E6277210090AFC0 /* ScreenSplash.storyboard */; };
		B1F1520E1E62773B0090AFC0 /* ScreenSplash.swift in Sources */ = {isa = PBXBuildFile; fileRef = B1F1520D1E62773B0090AFC0 /* ScreenSplash.swift */; };
		B1F152121E628D2A0090AFC0 /* ScreenMain.storyboard in Resources */ = {isa = PBXBuildFile; fileRef = B1F152111E628D2A0090AFC0 /* ScreenMain.storyboard */; };
		B1F152141E6291990090AFC0 /* ScreenProfile.storyboard in Resources */ = {isa = PBXBuildFile; fileRef = B1F152131E6291990090AFC0 /* ScreenProfile.storyboard */; };
		B1F152181E62A3900090AFC0 /* ViewLoad.swift in Sources */ = {isa = PBXBuildFile; fileRef = B1F152171E62A3900090AFC0 /* ViewLoad.swift */; };
		B1F1521A1E62A6250090AFC0 /* Log.swift in Sources */ = {isa = PBXBuildFile; fileRef = B1F152191E62A6250090AFC0 /* Log.swift */; };
		B1F575801E62712C00254154 /* AppDelegate.swift in Sources */ = {isa = PBXBuildFile; fileRef = B1F5757F1E62712C00254154 /* AppDelegate.swift */; };
		B1F575871E62712C00254154 /* Assets.xcassets in Resources */ = {isa = PBXBuildFile; fileRef = B1F575861E62712C00254154 /* Assets.xcassets */; };
		B1F5758A1E62712C00254154 /* ScreenLaunch.storyboard in Resources */ = {isa = PBXBuildFile; fileRef = B1F575881E62712C00254154 /* ScreenLaunch.storyboard */; };
		B1F575951E62712C00254154 /* DeliveryAppTests.swift in Sources */ = {isa = PBXBuildFile; fileRef = B1F575941E62712C00254154 /* DeliveryAppTests.swift */; };
		B1F575A01E62712C00254154 /* DeliveryAppUITests.swift in Sources */ = {isa = PBXBuildFile; fileRef = B1F5759F1E62712C00254154 /* DeliveryAppUITests.swift */; };
		B1F575A51E62712D00254154 /* DeliveryApp WatchKit App.app in Embed Watch Content */ = {isa = PBXBuildFile; fileRef = B1F575A41E62712D00254154 /* DeliveryApp WatchKit App.app */; };
		B1F575AB1E62712D00254154 /* Interface.storyboard in Resources */ = {isa = PBXBuildFile; fileRef = B1F575A91E62712D00254154 /* Interface.storyboard */; };
		B1F575AD1E62712D00254154 /* Assets.xcassets in Resources */ = {isa = PBXBuildFile; fileRef = B1F575AC1E62712D00254154 /* Assets.xcassets */; };
		B1F575B41E62712D00254154 /* DeliveryApp WatchKit Extension.appex in Embed App Extensions */ = {isa = PBXBuildFile; fileRef = B1F575B31E62712D00254154 /* DeliveryApp WatchKit Extension.appex */; settings = {ATTRIBUTES = (RemoveHeadersOnCopy, ); }; };
		B1F575BB1E62712D00254154 /* InterfaceController.swift in Sources */ = {isa = PBXBuildFile; fileRef = B1F575BA1E62712D00254154 /* InterfaceController.swift */; };
		B1F575BD1E62712D00254154 /* ExtensionDelegate.swift in Sources */ = {isa = PBXBuildFile; fileRef = B1F575BC1E62712D00254154 /* ExtensionDelegate.swift */; };
		B1F575BF1E62712D00254154 /* NotificationController.swift in Sources */ = {isa = PBXBuildFile; fileRef = B1F575BE1E62712D00254154 /* NotificationController.swift */; };
		B1F575C11E62712D00254154 /* ComplicationController.swift in Sources */ = {isa = PBXBuildFile; fileRef = B1F575C01E62712D00254154 /* ComplicationController.swift */; };
		B1F575C31E62712D00254154 /* Assets.xcassets in Resources */ = {isa = PBXBuildFile; fileRef = B1F575C21E62712D00254154 /* Assets.xcassets */; };
/* End PBXBuildFile section */

/* Begin PBXContainerItemProxy section */
		B1F575911E62712C00254154 /* PBXContainerItemProxy */ = {
			isa = PBXContainerItemProxy;
			containerPortal = B1F575741E62712C00254154 /* Project object */;
			proxyType = 1;
			remoteGlobalIDString = B1F5757B1E62712C00254154;
			remoteInfo = DeliveryApp;
		};
		B1F5759C1E62712C00254154 /* PBXContainerItemProxy */ = {
			isa = PBXContainerItemProxy;
			containerPortal = B1F575741E62712C00254154 /* Project object */;
			proxyType = 1;
			remoteGlobalIDString = B1F5757B1E62712C00254154;
			remoteInfo = DeliveryApp;
		};
		B1F575A61E62712D00254154 /* PBXContainerItemProxy */ = {
			isa = PBXContainerItemProxy;
			containerPortal = B1F575741E62712C00254154 /* Project object */;
			proxyType = 1;
			remoteGlobalIDString = B1F575A31E62712D00254154;
			remoteInfo = "DeliveryApp WatchKit App";
		};
		B1F575B51E62712D00254154 /* PBXContainerItemProxy */ = {
			isa = PBXContainerItemProxy;
			containerPortal = B1F575741E62712C00254154 /* Project object */;
			proxyType = 1;
			remoteGlobalIDString = B1F575B21E62712D00254154;
			remoteInfo = "DeliveryApp WatchKit Extension";
		};
/* End PBXContainerItemProxy section */

/* Begin PBXCopyFilesBuildPhase section */
		B1F575CA1E62712D00254154 /* Embed App Extensions */ = {
			isa = PBXCopyFilesBuildPhase;
			buildActionMask = 2147483647;
			dstPath = "";
			dstSubfolderSpec = 13;
			files = (
				B1F575B41E62712D00254154 /* DeliveryApp WatchKit Extension.appex in Embed App Extensions */,
			);
			name = "Embed App Extensions";
			runOnlyForDeploymentPostprocessing = 0;
		};
		B1F575CE1E62712D00254154 /* Embed Watch Content */ = {
			isa = PBXCopyFilesBuildPhase;
			buildActionMask = 2147483647;
			dstPath = "$(CONTENTS_FOLDER_PATH)/Watch";
			dstSubfolderSpec = 16;
			files = (
				B1F575A51E62712D00254154 /* DeliveryApp WatchKit App.app in Embed Watch Content */,
			);
			name = "Embed Watch Content";
			runOnlyForDeploymentPostprocessing = 0;
		};
/* End PBXCopyFilesBuildPhase section */

/* Begin PBXFileReference section */
		0C551FD7842F74F6CD4E90E5 /* Pods-DeliveryApp.debug.xcconfig */ = {isa = PBXFileReference; includeInIndex = 1; lastKnownFileType = text.xcconfig; name = "Pods-DeliveryApp.debug.xcconfig"; path = "Pods/Target Support Files/Pods-DeliveryApp/Pods-DeliveryApp.debug.xcconfig"; sourceTree = "<group>"; };
		22587B07CA17799A097BDFAB /* Pods-DeliveryAppTests.debug.xcconfig */ = {isa = PBXFileReference; includeInIndex = 1; lastKnownFileType = text.xcconfig; name = "Pods-DeliveryAppTests.debug.xcconfig"; path = "Pods/Target Support Files/Pods-DeliveryAppTests/Pods-DeliveryAppTests.debug.xcconfig"; sourceTree = "<group>"; };
		27396356A370BEF0AB45A116 /* Pods-DeliveryApp WatchKit Extension.release.xcconfig */ = {isa = PBXFileReference; includeInIndex = 1; lastKnownFileType = text.xcconfig; name = "Pods-DeliveryApp WatchKit Extension.release.xcconfig"; path = "Pods/Target Support Files/Pods-DeliveryApp WatchKit Extension/Pods-DeliveryApp WatchKit Extension.release.xcconfig"; sourceTree = "<group>"; };
		3278981856BE52D88CDDDB05 /* Pods-DeliveryAppTests.release.xcconfig */ = {isa = PBXFileReference; includeInIndex = 1; lastKnownFileType = text.xcconfig; name = "Pods-DeliveryAppTests.release.xcconfig"; path = "Pods/Target Support Files/Pods-DeliveryAppTests/Pods-DeliveryAppTests.release.xcconfig"; sourceTree = "<group>"; };
		4FB3FF603BF5878E95AA84C8 /* Pods_DeliveryApp_WatchKit_Extension.framework */ = {isa = PBXFileReference; explicitFileType = wrapper.framework; includeInIndex = 0; path = Pods_DeliveryApp_WatchKit_Extension.framework; sourceTree = BUILT_PRODUCTS_DIR; };
		5FC20405F28DC6418135CD1C /* Pods-DeliveryAppUITests.release.xcconfig */ = {isa = PBXFileReference; includeInIndex = 1; lastKnownFileType = text.xcconfig; name = "Pods-DeliveryAppUITests.release.xcconfig"; path = "Pods/Target Support Files/Pods-DeliveryAppUITests/Pods-DeliveryAppUITests.release.xcconfig"; sourceTree = "<group>"; };
		68E1C9E856426C2892CFAC9A /* Pods_DeliveryApp_WatchKit_App.framework */ = {isa = PBXFileReference; explicitFileType = wrapper.framework; includeInIndex = 0; path = Pods_DeliveryApp_WatchKit_App.framework; sourceTree = BUILT_PRODUCTS_DIR; };
		7CD00B9D8EA67C20A16F999E /* Pods-DeliveryAppUITests.debug.xcconfig */ = {isa = PBXFileReference; includeInIndex = 1; lastKnownFileType = text.xcconfig; name = "Pods-DeliveryAppUITests.debug.xcconfig"; path = "Pods/Target Support Files/Pods-DeliveryAppUITests/Pods-DeliveryAppUITests.debug.xcconfig"; sourceTree = "<group>"; };
		8C96E8473D21553F351DF956 /* Pods-DeliveryApp WatchKit App.release.xcconfig */ = {isa = PBXFileReference; includeInIndex = 1; lastKnownFileType = text.xcconfig; name = "Pods-DeliveryApp WatchKit App.release.xcconfig"; path = "Pods/Target Support Files/Pods-DeliveryApp WatchKit App/Pods-DeliveryApp WatchKit App.release.xcconfig"; sourceTree = "<group>"; };
		96EC17B30FB55319C49B60E5 /* Pods-DeliveryApp WatchKit Extension.debug.xcconfig */ = {isa = PBXFileReference; includeInIndex = 1; lastKnownFileType = text.xcconfig; name = "Pods-DeliveryApp WatchKit Extension.debug.xcconfig"; path = "Pods/Target Support Files/Pods-DeliveryApp WatchKit Extension/Pods-DeliveryApp WatchKit Extension.debug.xcconfig"; sourceTree = "<group>"; };
		A27CB9B9E0262CA31C50033A /* Pods_DeliveryApp.framework */ = {isa = PBXFileReference; explicitFileType = wrapper.framework; includeInIndex = 0; path = Pods_DeliveryApp.framework; sourceTree = BUILT_PRODUCTS_DIR; };
		A586D62834863EACDE8BBE75 /* Pods-DeliveryApp WatchKit App.debug.xcconfig */ = {isa = PBXFileReference; includeInIndex = 1; lastKnownFileType = text.xcconfig; name = "Pods-DeliveryApp WatchKit App.debug.xcconfig"; path = "Pods/Target Support Files/Pods-DeliveryApp WatchKit App/Pods-DeliveryApp WatchKit App.debug.xcconfig"; sourceTree = "<group>"; };
		A6E2EAAEB9AC57547CE626E2 /* Pods-DeliveryApp.release.xcconfig */ = {isa = PBXFileReference; includeInIndex = 1; lastKnownFileType = text.xcconfig; name = "Pods-DeliveryApp.release.xcconfig"; path = "Pods/Target Support Files/Pods-DeliveryApp/Pods-DeliveryApp.release.xcconfig"; sourceTree = "<group>"; };
		B1F1520B1E6277210090AFC0 /* ScreenSplash.storyboard */ = {isa = PBXFileReference; fileEncoding = 4; lastKnownFileType = file.storyboard; path = ScreenSplash.storyboard; sourceTree = "<group>"; };
		B1F1520D1E62773B0090AFC0 /* ScreenSplash.swift */ = {isa = PBXFileReference; fileEncoding = 4; lastKnownFileType = sourcecode.swift; path = ScreenSplash.swift; sourceTree = "<group>"; };
		B1F152111E628D2A0090AFC0 /* ScreenMain.storyboard */ = {isa = PBXFileReference; fileEncoding = 4; lastKnownFileType = file.storyboard; path = ScreenMain.storyboard; sourceTree = "<group>"; };
		B1F152131E6291990090AFC0 /* ScreenProfile.storyboard */ = {isa = PBXFileReference; fileEncoding = 4; lastKnownFileType = file.storyboard; path = ScreenProfile.storyboard; sourceTree = "<group>"; };
		B1F152171E62A3900090AFC0 /* ViewLoad.swift */ = {isa = PBXFileReference; fileEncoding = 4; lastKnownFileType = sourcecode.swift; path = ViewLoad.swift; sourceTree = "<group>"; };
		B1F152191E62A6250090AFC0 /* Log.swift */ = {isa = PBXFileReference; fileEncoding = 4; lastKnownFileType = sourcecode.swift; path = Log.swift; sourceTree = "<group>"; };
		B1F5757C1E62712C00254154 /* DeliveryApp.app */ = {isa = PBXFileReference; explicitFileType = wrapper.application; includeInIndex = 0; path = DeliveryApp.app; sourceTree = BUILT_PRODUCTS_DIR; };
		B1F5757F1E62712C00254154 /* AppDelegate.swift */ = {isa = PBXFileReference; lastKnownFileType = sourcecode.swift; path = AppDelegate.swift; sourceTree = "<group>"; };
		B1F575861E62712C00254154 /* Assets.xcassets */ = {isa = PBXFileReference; lastKnownFileType = folder.assetcatalog; path = Assets.xcassets; sourceTree = "<group>"; };
		B1F575891E62712C00254154 /* Base */ = {isa = PBXFileReference; lastKnownFileType = file.storyboard; name = Base; path = Base.lproj/ScreenLaunch.storyboard; sourceTree = "<group>"; };
		B1F5758B1E62712C00254154 /* Info.plist */ = {isa = PBXFileReference; lastKnownFileType = text.plist.xml; path = Info.plist; sourceTree = "<group>"; };
		B1F575901E62712C00254154 /* DeliveryAppTests.xctest */ = {isa = PBXFileReference; explicitFileType = wrapper.cfbundle; includeInIndex = 0; path = DeliveryAppTests.xctest; sourceTree = BUILT_PRODUCTS_DIR; };
		B1F575941E62712C00254154 /* DeliveryAppTests.swift */ = {isa = PBXFileReference; lastKnownFileType = sourcecode.swift; path = DeliveryAppTests.swift; sourceTree = "<group>"; };
		B1F575961E62712C00254154 /* Info.plist */ = {isa = PBXFileReference; lastKnownFileType = text.plist.xml; path = Info.plist; sourceTree = "<group>"; };
		B1F5759B1E62712C00254154 /* DeliveryAppUITests.xctest */ = {isa = PBXFileReference; explicitFileType = wrapper.cfbundle; includeInIndex = 0; path = DeliveryAppUITests.xctest; sourceTree = BUILT_PRODUCTS_DIR; };
		B1F5759F1E62712C00254154 /* DeliveryAppUITests.swift */ = {isa = PBXFileReference; lastKnownFileType = sourcecode.swift; path = DeliveryAppUITests.swift; sourceTree = "<group>"; };
		B1F575A11E62712D00254154 /* Info.plist */ = {isa = PBXFileReference; lastKnownFileType = text.plist.xml; path = Info.plist; sourceTree = "<group>"; };
		B1F575A41E62712D00254154 /* DeliveryApp WatchKit App.app */ = {isa = PBXFileReference; explicitFileType = wrapper.application; includeInIndex = 0; path = "DeliveryApp WatchKit App.app"; sourceTree = BUILT_PRODUCTS_DIR; };
		B1F575AA1E62712D00254154 /* Base */ = {isa = PBXFileReference; lastKnownFileType = file.storyboard; name = Base; path = Base.lproj/Interface.storyboard; sourceTree = "<group>"; };
		B1F575AC1E62712D00254154 /* Assets.xcassets */ = {isa = PBXFileReference; lastKnownFileType = folder.assetcatalog; path = Assets.xcassets; sourceTree = "<group>"; };
		B1F575AE1E62712D00254154 /* Info.plist */ = {isa = PBXFileReference; lastKnownFileType = text.plist.xml; path = Info.plist; sourceTree = "<group>"; };
		B1F575B31E62712D00254154 /* DeliveryApp WatchKit Extension.appex */ = {isa = PBXFileReference; explicitFileType = "wrapper.app-extension"; includeInIndex = 0; path = "DeliveryApp WatchKit Extension.appex"; sourceTree = BUILT_PRODUCTS_DIR; };
		B1F575B91E62712D00254154 /* PushNotificationPayload.apns */ = {isa = PBXFileReference; lastKnownFileType = text; path = PushNotificationPayload.apns; sourceTree = "<group>"; };
		B1F575BA1E62712D00254154 /* InterfaceController.swift */ = {isa = PBXFileReference; lastKnownFileType = sourcecode.swift; path = InterfaceController.swift; sourceTree = "<group>"; };
		B1F575BC1E62712D00254154 /* ExtensionDelegate.swift */ = {isa = PBXFileReference; lastKnownFileType = sourcecode.swift; path = ExtensionDelegate.swift; sourceTree = "<group>"; };
		B1F575BE1E62712D00254154 /* NotificationController.swift */ = {isa = PBXFileReference; lastKnownFileType = sourcecode.swift; path = NotificationController.swift; sourceTree = "<group>"; };
		B1F575C01E62712D00254154 /* ComplicationController.swift */ = {isa = PBXFileReference; lastKnownFileType = sourcecode.swift; path = ComplicationController.swift; sourceTree = "<group>"; };
		B1F575C21E62712D00254154 /* Assets.xcassets */ = {isa = PBXFileReference; lastKnownFileType = folder.assetcatalog; path = Assets.xcassets; sourceTree = "<group>"; };
		B1F575C41E62712D00254154 /* Info.plist */ = {isa = PBXFileReference; lastKnownFileType = text.plist.xml; path = Info.plist; sourceTree = "<group>"; };
		BD72C67300BC1078D3CA4A8C /* Pods_DeliveryAppTests.framework */ = {isa = PBXFileReference; explicitFileType = wrapper.framework; includeInIndex = 0; path = Pods_DeliveryAppTests.framework; sourceTree = BUILT_PRODUCTS_DIR; };
		DD9E01141C551298CB89BB54 /* Pods_DeliveryAppUITests.framework */ = {isa = PBXFileReference; explicitFileType = wrapper.framework; includeInIndex = 0; path = Pods_DeliveryAppUITests.framework; sourceTree = BUILT_PRODUCTS_DIR; };
/* End PBXFileReference section */

/* Begin PBXFrameworksBuildPhase section */
		289CA6415EA5D68B17BC1C91 /* Frameworks */ = {
			isa = PBXFrameworksBuildPhase;
			buildActionMask = 2147483647;
			files = (
				61ACAE02AA2880B8A0F9D493 /* Pods_DeliveryApp_WatchKit_App.framework in Frameworks */,
			);
			runOnlyForDeploymentPostprocessing = 0;
		};
		B1F575791E62712C00254154 /* Frameworks */ = {
			isa = PBXFrameworksBuildPhase;
			buildActionMask = 2147483647;
			files = (
				18BC6F9C39B560C4D229DA46 /* Pods_DeliveryApp.framework in Frameworks */,
			);
			runOnlyForDeploymentPostprocessing = 0;
		};
		B1F5758D1E62712C00254154 /* Frameworks */ = {
			isa = PBXFrameworksBuildPhase;
			buildActionMask = 2147483647;
			files = (
				50403AC9FA0FB2395AE4DD07 /* Pods_DeliveryAppTests.framework in Frameworks */,
			);
			runOnlyForDeploymentPostprocessing = 0;
		};
		B1F575981E62712C00254154 /* Frameworks */ = {
			isa = PBXFrameworksBuildPhase;
			buildActionMask = 2147483647;
			files = (
				57E6E311AD79AF349415973C /* Pods_DeliveryAppUITests.framework in Frameworks */,
			);
			runOnlyForDeploymentPostprocessing = 0;
		};
		B1F575B01E62712D00254154 /* Frameworks */ = {
			isa = PBXFrameworksBuildPhase;
			buildActionMask = 2147483647;
			files = (
				2BBD87D12ACBAF53031AEFB9 /* Pods_DeliveryApp_WatchKit_Extension.framework in Frameworks */,
			);
			runOnlyForDeploymentPostprocessing = 0;
		};
/* End PBXFrameworksBuildPhase section */

/* Begin PBXGroup section */
		7C63B92301DACCC4E128F131 /* Frameworks */ = {
			isa = PBXGroup;
			children = (
				A27CB9B9E0262CA31C50033A /* Pods_DeliveryApp.framework */,
				68E1C9E856426C2892CFAC9A /* Pods_DeliveryApp_WatchKit_App.framework */,
				4FB3FF603BF5878E95AA84C8 /* Pods_DeliveryApp_WatchKit_Extension.framework */,
				BD72C67300BC1078D3CA4A8C /* Pods_DeliveryAppTests.framework */,
				DD9E01141C551298CB89BB54 /* Pods_DeliveryAppUITests.framework */,
			);
			name = Frameworks;
			sourceTree = "<group>";
		};
		B1F152081E62768D0090AFC0 /* Assets */ = {
			isa = PBXGroup;
			children = (
				B1F575861E62712C00254154 /* Assets.xcassets */,
			);
			name = Assets;
			sourceTree = "<group>";
		};
		B1F152091E6276E30090AFC0 /* Screens */ = {
			isa = PBXGroup;
			children = (
				B1F1521B1E62A7940090AFC0 /* Profile */,
				B1F152101E628D0B0090AFC0 /* Main */,
				B1F1520F1E6277520090AFC0 /* Launch */,
				B1F1520A1E6276EE0090AFC0 /* Splash */,
			);
			name = Screens;
			sourceTree = "<group>";
		};
		B1F1520A1E6276EE0090AFC0 /* Splash */ = {
			isa = PBXGroup;
			children = (
				B1F1520B1E6277210090AFC0 /* ScreenSplash.storyboard */,
				B1F1520D1E62773B0090AFC0 /* ScreenSplash.swift */,
			);
			name = Splash;
			sourceTree = "<group>";
		};
		B1F1520F1E6277520090AFC0 /* Launch */ = {
			isa = PBXGroup;
			children = (
				B1F575881E62712C00254154 /* ScreenLaunch.storyboard */,
			);
			name = Launch;
			sourceTree = "<group>";
		};
		B1F152101E628D0B0090AFC0 /* Main */ = {
			isa = PBXGroup;
			children = (
				B1F152111E628D2A0090AFC0 /* ScreenMain.storyboard */,
			);
			name = Main;
			sourceTree = "<group>";
		};
		B1F1521B1E62A7940090AFC0 /* Profile */ = {
			isa = PBXGroup;
			children = (
				B1F152131E6291990090AFC0 /* ScreenProfile.storyboard */,
			);
			name = Profile;
			sourceTree = "<group>";
		};
		B1F1521C1E62AAF30090AFC0 /* Language */ = {
			isa = PBXGroup;
			children = (
			);
			name = Language;
			sourceTree = "<group>";
		};
		B1F1521D1E62AB180090AFC0 /* Workers */ = {
			isa = PBXGroup;
			children = (
				B1F1521C1E62AAF30090AFC0 /* Language */,
				B1F1521E1E62AB320090AFC0 /* Log */,
			);
			name = Workers;
			sourceTree = "<group>";
		};
		B1F1521E1E62AB320090AFC0 /* Log */ = {
			isa = PBXGroup;
			children = (
				B1F152191E62A6250090AFC0 /* Log.swift */,
			);
			name = Log;
			sourceTree = "<group>";
		};
		B1F1521F1E62AB550090AFC0 /* View */ = {
			isa = PBXGroup;
			children = (
				B1F152171E62A3900090AFC0 /* ViewLoad.swift */,
				B1F152081E62768D0090AFC0 /* Assets */,
				B1F152091E6276E30090AFC0 /* Screens */,
			);
			name = View;
			sourceTree = "<group>";
		};
		B1F575731E62712C00254154 = {
			isa = PBXGroup;
			children = (
				B1F5757E1E62712C00254154 /* DeliveryApp */,
				B1F575931E62712C00254154 /* DeliveryAppTests */,
				B1F5759E1E62712C00254154 /* DeliveryAppUITests */,
				B1F575A81E62712D00254154 /* DeliveryApp WatchKit App */,
				B1F575B71E62712D00254154 /* DeliveryApp WatchKit Extension */,
				B1F5757D1E62712C00254154 /* Products */,
				C42C9F60EACF390BA2888949 /* Pods */,
				7C63B92301DACCC4E128F131 /* Frameworks */,
			);
			sourceTree = "<group>";
		};
		B1F5757D1E62712C00254154 /* Products */ = {
			isa = PBXGroup;
			children = (
				B1F5757C1E62712C00254154 /* DeliveryApp.app */,
				B1F575901E62712C00254154 /* DeliveryAppTests.xctest */,
				B1F5759B1E62712C00254154 /* DeliveryAppUITests.xctest */,
				B1F575A41E62712D00254154 /* DeliveryApp WatchKit App.app */,
				B1F575B31E62712D00254154 /* DeliveryApp WatchKit Extension.appex */,
			);
			name = Products;
			sourceTree = "<group>";
		};
		B1F5757E1E62712C00254154 /* DeliveryApp */ = {
			isa = PBXGroup;
			children = (
				B1F1521F1E62AB550090AFC0 /* View */,
				B1F1521D1E62AB180090AFC0 /* Workers */,
				B1F5757F1E62712C00254154 /* AppDelegate.swift */,
				B1F5758B1E62712C00254154 /* Info.plist */,
			);
			path = DeliveryApp;
			sourceTree = "<group>";
		};
		B1F575931E62712C00254154 /* DeliveryAppTests */ = {
			isa = PBXGroup;
			children = (
				B1F575941E62712C00254154 /* DeliveryAppTests.swift */,
				B1F575961E62712C00254154 /* Info.plist */,
			);
			path = DeliveryAppTests;
			sourceTree = "<group>";
		};
		B1F5759E1E62712C00254154 /* DeliveryAppUITests */ = {
			isa = PBXGroup;
			children = (
				B1F5759F1E62712C00254154 /* DeliveryAppUITests.swift */,
				B1F575A11E62712D00254154 /* Info.plist */,
			);
			path = DeliveryAppUITests;
			sourceTree = "<group>";
		};
		B1F575A81E62712D00254154 /* DeliveryApp WatchKit App */ = {
			isa = PBXGroup;
			children = (
				B1F575A91E62712D00254154 /* Interface.storyboard */,
				B1F575AC1E62712D00254154 /* Assets.xcassets */,
				B1F575AE1E62712D00254154 /* Info.plist */,
			);
			path = "DeliveryApp WatchKit App";
			sourceTree = "<group>";
		};
		B1F575B71E62712D00254154 /* DeliveryApp WatchKit Extension */ = {
			isa = PBXGroup;
			children = (
				B1F575BA1E62712D00254154 /* InterfaceController.swift */,
				B1F575BC1E62712D00254154 /* ExtensionDelegate.swift */,
				B1F575BE1E62712D00254154 /* NotificationController.swift */,
				B1F575C01E62712D00254154 /* ComplicationController.swift */,
				B1F575C21E62712D00254154 /* Assets.xcassets */,
				B1F575C41E62712D00254154 /* Info.plist */,
				B1F575B81E62712D00254154 /* Supporting Files */,
			);
			path = "DeliveryApp WatchKit Extension";
			sourceTree = "<group>";
		};
		B1F575B81E62712D00254154 /* Supporting Files */ = {
			isa = PBXGroup;
			children = (
				B1F575B91E62712D00254154 /* PushNotificationPayload.apns */,
			);
			name = "Supporting Files";
			sourceTree = "<group>";
		};
		C42C9F60EACF390BA2888949 /* Pods */ = {
			isa = PBXGroup;
			children = (
				0C551FD7842F74F6CD4E90E5 /* Pods-DeliveryApp.debug.xcconfig */,
				A6E2EAAEB9AC57547CE626E2 /* Pods-DeliveryApp.release.xcconfig */,
				A586D62834863EACDE8BBE75 /* Pods-DeliveryApp WatchKit App.debug.xcconfig */,
				8C96E8473D21553F351DF956 /* Pods-DeliveryApp WatchKit App.release.xcconfig */,
				96EC17B30FB55319C49B60E5 /* Pods-DeliveryApp WatchKit Extension.debug.xcconfig */,
				27396356A370BEF0AB45A116 /* Pods-DeliveryApp WatchKit Extension.release.xcconfig */,
				22587B07CA17799A097BDFAB /* Pods-DeliveryAppTests.debug.xcconfig */,
				3278981856BE52D88CDDDB05 /* Pods-DeliveryAppTests.release.xcconfig */,
				7CD00B9D8EA67C20A16F999E /* Pods-DeliveryAppUITests.debug.xcconfig */,
				5FC20405F28DC6418135CD1C /* Pods-DeliveryAppUITests.release.xcconfig */,
			);
			name = Pods;
			sourceTree = "<group>";
		};
/* End PBXGroup section */

/* Begin PBXNativeTarget section */
		B1F5757B1E62712C00254154 /* DeliveryApp */ = {
			isa = PBXNativeTarget;
			buildConfigurationList = B1F575CF1E62712D00254154 /* Build configuration list for PBXNativeTarget "DeliveryApp" */;
			buildPhases = (
				21811779CDFE673A5A72BBF5 /* [CP] Check Pods Manifest.lock */,
				B1F575781E62712C00254154 /* Sources */,
				B1F575791E62712C00254154 /* Frameworks */,
				B1F5757A1E62712C00254154 /* Resources */,
				B1F575CE1E62712D00254154 /* Embed Watch Content */,
				04FB5F888F1CCC103BB22F5F /* [CP] Embed Pods Frameworks */,
				CA68D136A6204B57EA87A1A8 /* [CP] Copy Pods Resources */,
			);
			buildRules = (
			);
			dependencies = (
				B1F575A71E62712D00254154 /* PBXTargetDependency */,
			);
			name = DeliveryApp;
			productName = DeliveryApp;
			productReference = B1F5757C1E62712C00254154 /* DeliveryApp.app */;
			productType = "com.apple.product-type.application";
		};
		B1F5758F1E62712C00254154 /* DeliveryAppTests */ = {
			isa = PBXNativeTarget;
			buildConfigurationList = B1F575D21E62712D00254154 /* Build configuration list for PBXNativeTarget "DeliveryAppTests" */;
			buildPhases = (
				1A31E15EBEA48976D293C2E7 /* [CP] Check Pods Manifest.lock */,
				B1F5758C1E62712C00254154 /* Sources */,
				B1F5758D1E62712C00254154 /* Frameworks */,
				B1F5758E1E62712C00254154 /* Resources */,
				4BF7BA407BA810C5A46DC757 /* [CP] Embed Pods Frameworks */,
				5FC477B67A7197AA30FA6804 /* [CP] Copy Pods Resources */,
			);
			buildRules = (
			);
			dependencies = (
				B1F575921E62712C00254154 /* PBXTargetDependency */,
			);
			name = DeliveryAppTests;
			productName = DeliveryAppTests;
			productReference = B1F575901E62712C00254154 /* DeliveryAppTests.xctest */;
			productType = "com.apple.product-type.bundle.unit-test";
		};
		B1F5759A1E62712C00254154 /* DeliveryAppUITests */ = {
			isa = PBXNativeTarget;
			buildConfigurationList = B1F575D51E62712D00254154 /* Build configuration list for PBXNativeTarget "DeliveryAppUITests" */;
			buildPhases = (
				091EADB1601B0CE87CB46649 /* [CP] Check Pods Manifest.lock */,
				B1F575971E62712C00254154 /* Sources */,
				B1F575981E62712C00254154 /* Frameworks */,
				B1F575991E62712C00254154 /* Resources */,
				A26AC6E2880E2CDE542EA48C /* [CP] Embed Pods Frameworks */,
				06A84C75297DDED819252032 /* [CP] Copy Pods Resources */,
			);
			buildRules = (
			);
			dependencies = (
				B1F5759D1E62712C00254154 /* PBXTargetDependency */,
			);
			name = DeliveryAppUITests;
			productName = DeliveryAppUITests;
			productReference = B1F5759B1E62712C00254154 /* DeliveryAppUITests.xctest */;
			productType = "com.apple.product-type.bundle.ui-testing";
		};
		B1F575A31E62712D00254154 /* DeliveryApp WatchKit App */ = {
			isa = PBXNativeTarget;
			buildConfigurationList = B1F575CB1E62712D00254154 /* Build configuration list for PBXNativeTarget "DeliveryApp WatchKit App" */;
			buildPhases = (
				3535764677B53C16C45918D6 /* [CP] Check Pods Manifest.lock */,
				B1F575A21E62712D00254154 /* Resources */,
				B1F575CA1E62712D00254154 /* Embed App Extensions */,
				289CA6415EA5D68B17BC1C91 /* Frameworks */,
				5E3C52B4920F00985C874E6B /* [CP] Copy Pods Resources */,
			);
			buildRules = (
			);
			dependencies = (
				B1F575B61E62712D00254154 /* PBXTargetDependency */,
			);
			name = "DeliveryApp WatchKit App";
			productName = "DeliveryApp WatchKit App";
			productReference = B1F575A41E62712D00254154 /* DeliveryApp WatchKit App.app */;
			productType = "com.apple.product-type.application.watchapp2";
		};
		B1F575B21E62712D00254154 /* DeliveryApp WatchKit Extension */ = {
			isa = PBXNativeTarget;
			buildConfigurationList = B1F575C71E62712D00254154 /* Build configuration list for PBXNativeTarget "DeliveryApp WatchKit Extension" */;
			buildPhases = (
				8EC7CAD931F0DD2044B8276C /* [CP] Check Pods Manifest.lock */,
				B1F575AF1E62712D00254154 /* Sources */,
				B1F575B01E62712D00254154 /* Frameworks */,
				B1F575B11E62712D00254154 /* Resources */,
				4C3E67E1440C2FD59A49265E /* [CP] Embed Pods Frameworks */,
				67A9470A0FCB4AB9819D2ECD /* [CP] Copy Pods Resources */,
			);
			buildRules = (
			);
			dependencies = (
			);
			name = "DeliveryApp WatchKit Extension";
			productName = "DeliveryApp WatchKit Extension";
			productReference = B1F575B31E62712D00254154 /* DeliveryApp WatchKit Extension.appex */;
			productType = "com.apple.product-type.watchkit2-extension";
		};
/* End PBXNativeTarget section */

/* Begin PBXProject section */
		B1F575741E62712C00254154 /* Project object */ = {
			isa = PBXProject;
			attributes = {
				LastSwiftUpdateCheck = 0820;
				LastUpgradeCheck = 0820;
				ORGANIZATIONNAME = "Rigoberto Sáenz Imbacuán";
				TargetAttributes = {
					B1F5757B1E62712C00254154 = {
						CreatedOnToolsVersion = 8.2.1;
						DevelopmentTeam = 58YKL7WW5K;
						ProvisioningStyle = Automatic;
					};
					B1F5758F1E62712C00254154 = {
						CreatedOnToolsVersion = 8.2.1;
						DevelopmentTeam = 58YKL7WW5K;
						ProvisioningStyle = Automatic;
						TestTargetID = B1F5757B1E62712C00254154;
					};
					B1F5759A1E62712C00254154 = {
						CreatedOnToolsVersion = 8.2.1;
						DevelopmentTeam = 58YKL7WW5K;
						ProvisioningStyle = Automatic;
						TestTargetID = B1F5757B1E62712C00254154;
					};
					B1F575A31E62712D00254154 = {
						CreatedOnToolsVersion = 8.2.1;
						DevelopmentTeam = 58YKL7WW5K;
						ProvisioningStyle = Automatic;
					};
					B1F575B21E62712D00254154 = {
						CreatedOnToolsVersion = 8.2.1;
						DevelopmentTeam = 58YKL7WW5K;
						ProvisioningStyle = Automatic;
					};
				};
			};
			buildConfigurationList = B1F575771E62712C00254154 /* Build configuration list for PBXProject "DeliveryApp" */;
			compatibilityVersion = "Xcode 3.2";
			developmentRegion = English;
			hasScannedForEncodings = 0;
			knownRegions = (
				en,
				Base,
			);
			mainGroup = B1F575731E62712C00254154;
			productRefGroup = B1F5757D1E62712C00254154 /* Products */;
			projectDirPath = "";
			projectRoot = "";
			targets = (
				B1F5757B1E62712C00254154 /* DeliveryApp */,
				B1F5758F1E62712C00254154 /* DeliveryAppTests */,
				B1F5759A1E62712C00254154 /* DeliveryAppUITests */,
				B1F575A31E62712D00254154 /* DeliveryApp WatchKit App */,
				B1F575B21E62712D00254154 /* DeliveryApp WatchKit Extension */,
			);
		};
/* End PBXProject section */

/* Begin PBXResourcesBuildPhase section */
		B1F5757A1E62712C00254154 /* Resources */ = {
			isa = PBXResourcesBuildPhase;
			buildActionMask = 2147483647;
			files = (
				B1F5758A1E62712C00254154 /* ScreenLaunch.storyboard in Resources */,
				B1F152141E6291990090AFC0 /* ScreenProfile.storyboard in Resources */,
				B1F152121E628D2A0090AFC0 /* ScreenMain.storyboard in Resources */,
				B1F1520C1E6277210090AFC0 /* ScreenSplash.storyboard in Resources */,
				B1F575871E62712C00254154 /* Assets.xcassets in Resources */,
			);
			runOnlyForDeploymentPostprocessing = 0;
		};
		B1F5758E1E62712C00254154 /* Resources */ = {
			isa = PBXResourcesBuildPhase;
			buildActionMask = 2147483647;
			files = (
			);
			runOnlyForDeploymentPostprocessing = 0;
		};
		B1F575991E62712C00254154 /* Resources */ = {
			isa = PBXResourcesBuildPhase;
			buildActionMask = 2147483647;
			files = (
			);
			runOnlyForDeploymentPostprocessing = 0;
		};
		B1F575A21E62712D00254154 /* Resources */ = {
			isa = PBXResourcesBuildPhase;
			buildActionMask = 2147483647;
			files = (
				B1F575AD1E62712D00254154 /* Assets.xcassets in Resources */,
				B1F575AB1E62712D00254154 /* Interface.storyboard in Resources */,
			);
			runOnlyForDeploymentPostprocessing = 0;
		};
		B1F575B11E62712D00254154 /* Resources */ = {
			isa = PBXResourcesBuildPhase;
			buildActionMask = 2147483647;
			files = (
				B1F575C31E62712D00254154 /* Assets.xcassets in Resources */,
			);
			runOnlyForDeploymentPostprocessing = 0;
		};
/* End PBXResourcesBuildPhase section */

/* Begin PBXShellScriptBuildPhase section */
		04FB5F888F1CCC103BB22F5F /* [CP] Embed Pods Frameworks */ = {
			isa = PBXShellScriptBuildPhase;
			buildActionMask = 2147483647;
			files = (
			);
			inputPaths = (
			);
			name = "[CP] Embed Pods Frameworks";
			outputPaths = (
			);
			runOnlyForDeploymentPostprocessing = 0;
			shellPath = /bin/sh;
			shellScript = "\"${SRCROOT}/Pods/Target Support Files/Pods-DeliveryApp/Pods-DeliveryApp-frameworks.sh\"\n";
			showEnvVarsInLog = 0;
		};
		06A84C75297DDED819252032 /* [CP] Copy Pods Resources */ = {
			isa = PBXShellScriptBuildPhase;
			buildActionMask = 2147483647;
			files = (
			);
			inputPaths = (
			);
			name = "[CP] Copy Pods Resources";
			outputPaths = (
			);
			runOnlyForDeploymentPostprocessing = 0;
			shellPath = /bin/sh;
			shellScript = "\"${SRCROOT}/Pods/Target Support Files/Pods-DeliveryAppUITests/Pods-DeliveryAppUITests-resources.sh\"\n";
			showEnvVarsInLog = 0;
		};
		091EADB1601B0CE87CB46649 /* [CP] Check Pods Manifest.lock */ = {
			isa = PBXShellScriptBuildPhase;
			buildActionMask = 2147483647;
			files = (
			);
			inputPaths = (
			);
			name = "[CP] Check Pods Manifest.lock";
			outputPaths = (
			);
			runOnlyForDeploymentPostprocessing = 0;
			shellPath = /bin/sh;
			shellScript = "diff \"${PODS_ROOT}/../Podfile.lock\" \"${PODS_ROOT}/Manifest.lock\" > /dev/null\nif [ $? != 0 ] ; then\n    # print error to STDERR\n    echo \"error: The sandbox is not in sync with the Podfile.lock. Run 'pod install' or update your CocoaPods installation.\" >&2\n    exit 1\nfi\n";
			showEnvVarsInLog = 0;
		};
		1A31E15EBEA48976D293C2E7 /* [CP] Check Pods Manifest.lock */ = {
			isa = PBXShellScriptBuildPhase;
			buildActionMask = 2147483647;
			files = (
			);
			inputPaths = (
			);
			name = "[CP] Check Pods Manifest.lock";
			outputPaths = (
			);
			runOnlyForDeploymentPostprocessing = 0;
			shellPath = /bin/sh;
			shellScript = "diff \"${PODS_ROOT}/../Podfile.lock\" \"${PODS_ROOT}/Manifest.lock\" > /dev/null\nif [ $? != 0 ] ; then\n    # print error to STDERR\n    echo \"error: The sandbox is not in sync with the Podfile.lock. Run 'pod install' or update your CocoaPods installation.\" >&2\n    exit 1\nfi\n";
			showEnvVarsInLog = 0;
		};
		21811779CDFE673A5A72BBF5 /* [CP] Check Pods Manifest.lock */ = {
			isa = PBXShellScriptBuildPhase;
			buildActionMask = 2147483647;
			files = (
			);
			inputPaths = (
			);
			name = "[CP] Check Pods Manifest.lock";
			outputPaths = (
			);
			runOnlyForDeploymentPostprocessing = 0;
			shellPath = /bin/sh;
			shellScript = "diff \"${PODS_ROOT}/../Podfile.lock\" \"${PODS_ROOT}/Manifest.lock\" > /dev/null\nif [ $? != 0 ] ; then\n    # print error to STDERR\n    echo \"error: The sandbox is not in sync with the Podfile.lock. Run 'pod install' or update your CocoaPods installation.\" >&2\n    exit 1\nfi\n";
			showEnvVarsInLog = 0;
		};
		3535764677B53C16C45918D6 /* [CP] Check Pods Manifest.lock */ = {
			isa = PBXShellScriptBuildPhase;
			buildActionMask = 2147483647;
			files = (
			);
			inputPaths = (
			);
			name = "[CP] Check Pods Manifest.lock";
			outputPaths = (
			);
			runOnlyForDeploymentPostprocessing = 0;
			shellPath = /bin/sh;
			shellScript = "diff \"${PODS_ROOT}/../Podfile.lock\" \"${PODS_ROOT}/Manifest.lock\" > /dev/null\nif [ $? != 0 ] ; then\n    # print error to STDERR\n    echo \"error: The sandbox is not in sync with the Podfile.lock. Run 'pod install' or update your CocoaPods installation.\" >&2\n    exit 1\nfi\n";
			showEnvVarsInLog = 0;
		};
		4BF7BA407BA810C5A46DC757 /* [CP] Embed Pods Frameworks */ = {
			isa = PBXShellScriptBuildPhase;
			buildActionMask = 2147483647;
			files = (
			);
			inputPaths = (
			);
			name = "[CP] Embed Pods Frameworks";
			outputPaths = (
			);
			runOnlyForDeploymentPostprocessing = 0;
			shellPath = /bin/sh;
			shellScript = "\"${SRCROOT}/Pods/Target Support Files/Pods-DeliveryAppTests/Pods-DeliveryAppTests-frameworks.sh\"\n";
			showEnvVarsInLog = 0;
		};
		4C3E67E1440C2FD59A49265E /* [CP] Embed Pods Frameworks */ = {
			isa = PBXShellScriptBuildPhase;
			buildActionMask = 2147483647;
			files = (
			);
			inputPaths = (
			);
			name = "[CP] Embed Pods Frameworks";
			outputPaths = (
			);
			runOnlyForDeploymentPostprocessing = 0;
			shellPath = /bin/sh;
			shellScript = "\"${SRCROOT}/Pods/Target Support Files/Pods-DeliveryApp WatchKit Extension/Pods-DeliveryApp WatchKit Extension-frameworks.sh\"\n";
			showEnvVarsInLog = 0;
		};
		5E3C52B4920F00985C874E6B /* [CP] Copy Pods Resources */ = {
			isa = PBXShellScriptBuildPhase;
			buildActionMask = 2147483647;
			files = (
			);
			inputPaths = (
			);
			name = "[CP] Copy Pods Resources";
			outputPaths = (
			);
			runOnlyForDeploymentPostprocessing = 0;
			shellPath = /bin/sh;
			shellScript = "\"${SRCROOT}/Pods/Target Support Files/Pods-DeliveryApp WatchKit App/Pods-DeliveryApp WatchKit App-resources.sh\"\n";
			showEnvVarsInLog = 0;
		};
		5FC477B67A7197AA30FA6804 /* [CP] Copy Pods Resources */ = {
			isa = PBXShellScriptBuildPhase;
			buildActionMask = 2147483647;
			files = (
			);
			inputPaths = (
			);
			name = "[CP] Copy Pods Resources";
			outputPaths = (
			);
			runOnlyForDeploymentPostprocessing = 0;
			shellPath = /bin/sh;
			shellScript = "\"${SRCROOT}/Pods/Target Support Files/Pods-DeliveryAppTests/Pods-DeliveryAppTests-resources.sh\"\n";
			showEnvVarsInLog = 0;
		};
		67A9470A0FCB4AB9819D2ECD /* [CP] Copy Pods Resources */ = {
			isa = PBXShellScriptBuildPhase;
			buildActionMask = 2147483647;
			files = (
			);
			inputPaths = (
			);
			name = "[CP] Copy Pods Resources";
			outputPaths = (
			);
			runOnlyForDeploymentPostprocessing = 0;
			shellPath = /bin/sh;
			shellScript = "\"${SRCROOT}/Pods/Target Support Files/Pods-DeliveryApp WatchKit Extension/Pods-DeliveryApp WatchKit Extension-resources.sh\"\n";
			showEnvVarsInLog = 0;
		};
		8EC7CAD931F0DD2044B8276C /* [CP] Check Pods Manifest.lock */ = {
			isa = PBXShellScriptBuildPhase;
			buildActionMask = 2147483647;
			files = (
			);
			inputPaths = (
			);
			name = "[CP] Check Pods Manifest.lock";
			outputPaths = (
			);
			runOnlyForDeploymentPostprocessing = 0;
			shellPath = /bin/sh;
			shellScript = "diff \"${PODS_ROOT}/../Podfile.lock\" \"${PODS_ROOT}/Manifest.lock\" > /dev/null\nif [ $? != 0 ] ; then\n    # print error to STDERR\n    echo \"error: The sandbox is not in sync with the Podfile.lock. Run 'pod install' or update your CocoaPods installation.\" >&2\n    exit 1\nfi\n";
			showEnvVarsInLog = 0;
		};
		A26AC6E2880E2CDE542EA48C /* [CP] Embed Pods Frameworks */ = {
			isa = PBXShellScriptBuildPhase;
			buildActionMask = 2147483647;
			files = (
			);
			inputPaths = (
			);
			name = "[CP] Embed Pods Frameworks";
			outputPaths = (
			);
			runOnlyForDeploymentPostprocessing = 0;
			shellPath = /bin/sh;
			shellScript = "\"${SRCROOT}/Pods/Target Support Files/Pods-DeliveryAppUITests/Pods-DeliveryAppUITests-frameworks.sh\"\n";
			showEnvVarsInLog = 0;
		};
		CA68D136A6204B57EA87A1A8 /* [CP] Copy Pods Resources */ = {
			isa = PBXShellScriptBuildPhase;
			buildActionMask = 2147483647;
			files = (
			);
			inputPaths = (
			);
			name = "[CP] Copy Pods Resources";
			outputPaths = (
			);
			runOnlyForDeploymentPostprocessing = 0;
			shellPath = /bin/sh;
			shellScript = "\"${SRCROOT}/Pods/Target Support Files/Pods-DeliveryApp/Pods-DeliveryApp-resources.sh\"\n";
			showEnvVarsInLog = 0;
		};
/* End PBXShellScriptBuildPhase section */

/* Begin PBXSourcesBuildPhase section */
		B1F575781E62712C00254154 /* Sources */ = {
			isa = PBXSourcesBuildPhase;
			buildActionMask = 2147483647;
			files = (
				B1F1520E1E62773B0090AFC0 /* ScreenSplash.swift in Sources */,
				B1F575801E62712C00254154 /* AppDelegate.swift in Sources */,
				B1F1521A1E62A6250090AFC0 /* Log.swift in Sources */,
				B1F152181E62A3900090AFC0 /* ViewLoad.swift in Sources */,
			);
			runOnlyForDeploymentPostprocessing = 0;
		};
		B1F5758C1E62712C00254154 /* Sources */ = {
			isa = PBXSourcesBuildPhase;
			buildActionMask = 2147483647;
			files = (
				B1F575951E62712C00254154 /* DeliveryAppTests.swift in Sources */,
			);
			runOnlyForDeploymentPostprocessing = 0;
		};
		B1F575971E62712C00254154 /* Sources */ = {
			isa = PBXSourcesBuildPhase;
			buildActionMask = 2147483647;
			files = (
				B1F575A01E62712C00254154 /* DeliveryAppUITests.swift in Sources */,
			);
			runOnlyForDeploymentPostprocessing = 0;
		};
		B1F575AF1E62712D00254154 /* Sources */ = {
			isa = PBXSourcesBuildPhase;
			buildActionMask = 2147483647;
			files = (
				B1F575BF1E62712D00254154 /* NotificationController.swift in Sources */,
				B1F575C11E62712D00254154 /* ComplicationController.swift in Sources */,
				B1F575BD1E62712D00254154 /* ExtensionDelegate.swift in Sources */,
				B1F575BB1E62712D00254154 /* InterfaceController.swift in Sources */,
			);
			runOnlyForDeploymentPostprocessing = 0;
		};
/* End PBXSourcesBuildPhase section */

/* Begin PBXTargetDependency section */
		B1F575921E62712C00254154 /* PBXTargetDependency */ = {
			isa = PBXTargetDependency;
			target = B1F5757B1E62712C00254154 /* DeliveryApp */;
			targetProxy = B1F575911E62712C00254154 /* PBXContainerItemProxy */;
		};
		B1F5759D1E62712C00254154 /* PBXTargetDependency */ = {
			isa = PBXTargetDependency;
			target = B1F5757B1E62712C00254154 /* DeliveryApp */;
			targetProxy = B1F5759C1E62712C00254154 /* PBXContainerItemProxy */;
		};
		B1F575A71E62712D00254154 /* PBXTargetDependency */ = {
			isa = PBXTargetDependency;
			target = B1F575A31E62712D00254154 /* DeliveryApp WatchKit App */;
			targetProxy = B1F575A61E62712D00254154 /* PBXContainerItemProxy */;
		};
		B1F575B61E62712D00254154 /* PBXTargetDependency */ = {
			isa = PBXTargetDependency;
			target = B1F575B21E62712D00254154 /* DeliveryApp WatchKit Extension */;
			targetProxy = B1F575B51E62712D00254154 /* PBXContainerItemProxy */;
		};
/* End PBXTargetDependency section */

/* Begin PBXVariantGroup section */
		B1F575881E62712C00254154 /* ScreenLaunch.storyboard */ = {
			isa = PBXVariantGroup;
			children = (
				B1F575891E62712C00254154 /* Base */,
			);
			name = ScreenLaunch.storyboard;
			sourceTree = "<group>";
		};
		B1F575A91E62712D00254154 /* Interface.storyboard */ = {
			isa = PBXVariantGroup;
			children = (
				B1F575AA1E62712D00254154 /* Base */,
			);
			name = Interface.storyboard;
			sourceTree = "<group>";
		};
/* End PBXVariantGroup section */

/* Begin XCBuildConfiguration section */
		B1F575C51E62712D00254154 /* Debug */ = {
			isa = XCBuildConfiguration;
			buildSettings = {
				ALWAYS_SEARCH_USER_PATHS = NO;
				CLANG_ANALYZER_NONNULL = YES;
				CLANG_CXX_LANGUAGE_STANDARD = "gnu++0x";
				CLANG_CXX_LIBRARY = "libc++";
				CLANG_ENABLE_MODULES = YES;
				CLANG_ENABLE_OBJC_ARC = YES;
				CLANG_WARN_BOOL_CONVERSION = YES;
				CLANG_WARN_CONSTANT_CONVERSION = YES;
				CLANG_WARN_DIRECT_OBJC_ISA_USAGE = YES_ERROR;
				CLANG_WARN_DOCUMENTATION_COMMENTS = YES;
				CLANG_WARN_EMPTY_BODY = YES;
				CLANG_WARN_ENUM_CONVERSION = YES;
				CLANG_WARN_INFINITE_RECURSION = YES;
				CLANG_WARN_INT_CONVERSION = YES;
				CLANG_WARN_OBJC_ROOT_CLASS = YES_ERROR;
				CLANG_WARN_SUSPICIOUS_MOVE = YES;
				CLANG_WARN_UNREACHABLE_CODE = YES;
				CLANG_WARN__DUPLICATE_METHOD_MATCH = YES;
				"CODE_SIGN_IDENTITY[sdk=iphoneos*]" = "iPhone Developer";
				COPY_PHASE_STRIP = NO;
				DEBUG_INFORMATION_FORMAT = dwarf;
				ENABLE_STRICT_OBJC_MSGSEND = YES;
				ENABLE_TESTABILITY = YES;
				GCC_C_LANGUAGE_STANDARD = gnu99;
				GCC_DYNAMIC_NO_PIC = NO;
				GCC_NO_COMMON_BLOCKS = YES;
				GCC_OPTIMIZATION_LEVEL = 0;
				GCC_PREPROCESSOR_DEFINITIONS = (
					"DEBUG=1",
					"$(inherited)",
				);
				GCC_WARN_64_TO_32_BIT_CONVERSION = YES;
				GCC_WARN_ABOUT_RETURN_TYPE = YES_ERROR;
				GCC_WARN_UNDECLARED_SELECTOR = YES;
				GCC_WARN_UNINITIALIZED_AUTOS = YES_AGGRESSIVE;
				GCC_WARN_UNUSED_FUNCTION = YES;
				GCC_WARN_UNUSED_VARIABLE = YES;
				IPHONEOS_DEPLOYMENT_TARGET = 10.2;
				MTL_ENABLE_DEBUG_INFO = YES;
				ONLY_ACTIVE_ARCH = YES;
				SDKROOT = iphoneos;
				SWIFT_ACTIVE_COMPILATION_CONDITIONS = DEBUG;
				SWIFT_OPTIMIZATION_LEVEL = "-Onone";
				TARGETED_DEVICE_FAMILY = "1,2";
			};
			name = Debug;
		};
		B1F575C61E62712D00254154 /* Release */ = {
			isa = XCBuildConfiguration;
			buildSettings = {
				ALWAYS_SEARCH_USER_PATHS = NO;
				CLANG_ANALYZER_NONNULL = YES;
				CLANG_CXX_LANGUAGE_STANDARD = "gnu++0x";
				CLANG_CXX_LIBRARY = "libc++";
				CLANG_ENABLE_MODULES = YES;
				CLANG_ENABLE_OBJC_ARC = YES;
				CLANG_WARN_BOOL_CONVERSION = YES;
				CLANG_WARN_CONSTANT_CONVERSION = YES;
				CLANG_WARN_DIRECT_OBJC_ISA_USAGE = YES_ERROR;
				CLANG_WARN_DOCUMENTATION_COMMENTS = YES;
				CLANG_WARN_EMPTY_BODY = YES;
				CLANG_WARN_ENUM_CONVERSION = YES;
				CLANG_WARN_INFINITE_RECURSION = YES;
				CLANG_WARN_INT_CONVERSION = YES;
				CLANG_WARN_OBJC_ROOT_CLASS = YES_ERROR;
				CLANG_WARN_SUSPICIOUS_MOVE = YES;
				CLANG_WARN_UNREACHABLE_CODE = YES;
				CLANG_WARN__DUPLICATE_METHOD_MATCH = YES;
				"CODE_SIGN_IDENTITY[sdk=iphoneos*]" = "iPhone Developer";
				COPY_PHASE_STRIP = NO;
				DEBUG_INFORMATION_FORMAT = "dwarf-with-dsym";
				ENABLE_NS_ASSERTIONS = NO;
				ENABLE_STRICT_OBJC_MSGSEND = YES;
				GCC_C_LANGUAGE_STANDARD = gnu99;
				GCC_NO_COMMON_BLOCKS = YES;
				GCC_WARN_64_TO_32_BIT_CONVERSION = YES;
				GCC_WARN_ABOUT_RETURN_TYPE = YES_ERROR;
				GCC_WARN_UNDECLARED_SELECTOR = YES;
				GCC_WARN_UNINITIALIZED_AUTOS = YES_AGGRESSIVE;
				GCC_WARN_UNUSED_FUNCTION = YES;
				GCC_WARN_UNUSED_VARIABLE = YES;
				IPHONEOS_DEPLOYMENT_TARGET = 10.2;
				MTL_ENABLE_DEBUG_INFO = NO;
				SDKROOT = iphoneos;
				SWIFT_OPTIMIZATION_LEVEL = "-Owholemodule";
				TARGETED_DEVICE_FAMILY = "1,2";
				VALIDATE_PRODUCT = YES;
			};
			name = Release;
		};
		B1F575C81E62712D00254154 /* Debug */ = {
			isa = XCBuildConfiguration;
			baseConfigurationReference = 96EC17B30FB55319C49B60E5 /* Pods-DeliveryApp WatchKit Extension.debug.xcconfig */;
			buildSettings = {
				ASSETCATALOG_COMPILER_COMPLICATION_NAME = Complication;
				DEVELOPMENT_TEAM = 58YKL7WW5K;
				INFOPLIST_FILE = "DeliveryApp WatchKit Extension/Info.plist";
				LD_RUNPATH_SEARCH_PATHS = "$(inherited) @executable_path/Frameworks @executable_path/../../Frameworks";
				PRODUCT_BUNDLE_IDENTIFIER = com.rigobertosaenz.DeliveryApp.watchkitapp.watchkitextension;
				PRODUCT_NAME = "${TARGET_NAME}";
				SDKROOT = watchos;
				SKIP_INSTALL = YES;
				SWIFT_VERSION = 3.0;
				TARGETED_DEVICE_FAMILY = 4;
				WATCHOS_DEPLOYMENT_TARGET = 3.1;
			};
			name = Debug;
		};
		B1F575C91E62712D00254154 /* Release */ = {
			isa = XCBuildConfiguration;
			baseConfigurationReference = 27396356A370BEF0AB45A116 /* Pods-DeliveryApp WatchKit Extension.release.xcconfig */;
			buildSettings = {
				ASSETCATALOG_COMPILER_COMPLICATION_NAME = Complication;
				DEVELOPMENT_TEAM = 58YKL7WW5K;
				INFOPLIST_FILE = "DeliveryApp WatchKit Extension/Info.plist";
				LD_RUNPATH_SEARCH_PATHS = "$(inherited) @executable_path/Frameworks @executable_path/../../Frameworks";
				PRODUCT_BUNDLE_IDENTIFIER = com.rigobertosaenz.DeliveryApp.watchkitapp.watchkitextension;
				PRODUCT_NAME = "${TARGET_NAME}";
				SDKROOT = watchos;
				SKIP_INSTALL = YES;
				SWIFT_VERSION = 3.0;
				TARGETED_DEVICE_FAMILY = 4;
				WATCHOS_DEPLOYMENT_TARGET = 3.1;
			};
			name = Release;
		};
		B1F575CC1E62712D00254154 /* Debug */ = {
			isa = XCBuildConfiguration;
			baseConfigurationReference = A586D62834863EACDE8BBE75 /* Pods-DeliveryApp WatchKit App.debug.xcconfig */;
			buildSettings = {
				ALWAYS_EMBED_SWIFT_STANDARD_LIBRARIES = YES;
				ASSETCATALOG_COMPILER_APPICON_NAME = AppIcon;
				DEVELOPMENT_TEAM = 58YKL7WW5K;
				IBSC_MODULE = DeliveryApp_WatchKit_Extension;
				INFOPLIST_FILE = "DeliveryApp WatchKit App/Info.plist";
				PRODUCT_BUNDLE_IDENTIFIER = com.rigobertosaenz.DeliveryApp.watchkitapp;
				PRODUCT_NAME = "$(TARGET_NAME)";
				SDKROOT = watchos;
				SKIP_INSTALL = YES;
				SWIFT_VERSION = 3.0;
				TARGETED_DEVICE_FAMILY = 4;
				WATCHOS_DEPLOYMENT_TARGET = 3.1;
			};
			name = Debug;
		};
		B1F575CD1E62712D00254154 /* Release */ = {
			isa = XCBuildConfiguration;
			baseConfigurationReference = 8C96E8473D21553F351DF956 /* Pods-DeliveryApp WatchKit App.release.xcconfig */;
			buildSettings = {
				ALWAYS_EMBED_SWIFT_STANDARD_LIBRARIES = YES;
				ASSETCATALOG_COMPILER_APPICON_NAME = AppIcon;
				DEVELOPMENT_TEAM = 58YKL7WW5K;
				IBSC_MODULE = DeliveryApp_WatchKit_Extension;
				INFOPLIST_FILE = "DeliveryApp WatchKit App/Info.plist";
				PRODUCT_BUNDLE_IDENTIFIER = com.rigobertosaenz.DeliveryApp.watchkitapp;
				PRODUCT_NAME = "$(TARGET_NAME)";
				SDKROOT = watchos;
				SKIP_INSTALL = YES;
				SWIFT_VERSION = 3.0;
				TARGETED_DEVICE_FAMILY = 4;
				WATCHOS_DEPLOYMENT_TARGET = 3.1;
			};
			name = Release;
		};
		B1F575D01E62712D00254154 /* Debug */ = {
			isa = XCBuildConfiguration;
			baseConfigurationReference = 0C551FD7842F74F6CD4E90E5 /* Pods-DeliveryApp.debug.xcconfig */;
			buildSettings = {
				ASSETCATALOG_COMPILER_APPICON_NAME = AppIcon;
				"CODE_SIGN_IDENTITY[sdk=iphoneos*]" = "iPhone Developer";
				DEVELOPMENT_TEAM = 58YKL7WW5K;
				INFOPLIST_FILE = DeliveryApp/Info.plist;
				LD_RUNPATH_SEARCH_PATHS = "$(inherited) @executable_path/Frameworks";
				PRODUCT_BUNDLE_IDENTIFIER = com.rigobertosaenz.DeliveryApp;
				PRODUCT_NAME = "$(TARGET_NAME)";
				SWIFT_VERSION = 3.0;
			};
			name = Debug;
		};
		B1F575D11E62712D00254154 /* Release */ = {
			isa = XCBuildConfiguration;
			baseConfigurationReference = A6E2EAAEB9AC57547CE626E2 /* Pods-DeliveryApp.release.xcconfig */;
			buildSettings = {
				ASSETCATALOG_COMPILER_APPICON_NAME = AppIcon;
				"CODE_SIGN_IDENTITY[sdk=iphoneos*]" = "iPhone Developer";
				DEVELOPMENT_TEAM = 58YKL7WW5K;
				INFOPLIST_FILE = DeliveryApp/Info.plist;
				LD_RUNPATH_SEARCH_PATHS = "$(inherited) @executable_path/Frameworks";
				PRODUCT_BUNDLE_IDENTIFIER = com.rigobertosaenz.DeliveryApp;
				PRODUCT_NAME = "$(TARGET_NAME)";
				SWIFT_VERSION = 3.0;
			};
			name = Release;
		};
		B1F575D31E62712D00254154 /* Debug */ = {
			isa = XCBuildConfiguration;
			baseConfigurationReference = 22587B07CA17799A097BDFAB /* Pods-DeliveryAppTests.debug.xcconfig */;
			buildSettings = {
				ALWAYS_EMBED_SWIFT_STANDARD_LIBRARIES = YES;
				BUNDLE_LOADER = "$(TEST_HOST)";
				DEVELOPMENT_TEAM = 58YKL7WW5K;
				INFOPLIST_FILE = DeliveryAppTests/Info.plist;
				LD_RUNPATH_SEARCH_PATHS = "$(inherited) @executable_path/Frameworks @loader_path/Frameworks";
				PRODUCT_BUNDLE_IDENTIFIER = com.rigobertosaenz.DeliveryAppTests;
				PRODUCT_NAME = "$(TARGET_NAME)";
				SWIFT_VERSION = 3.0;
				TEST_HOST = "$(BUILT_PRODUCTS_DIR)/DeliveryApp.app/DeliveryApp";
			};
			name = Debug;
		};
		B1F575D41E62712D00254154 /* Release */ = {
			isa = XCBuildConfiguration;
			baseConfigurationReference = 3278981856BE52D88CDDDB05 /* Pods-DeliveryAppTests.release.xcconfig */;
			buildSettings = {
				ALWAYS_EMBED_SWIFT_STANDARD_LIBRARIES = YES;
				BUNDLE_LOADER = "$(TEST_HOST)";
				DEVELOPMENT_TEAM = 58YKL7WW5K;
				INFOPLIST_FILE = DeliveryAppTests/Info.plist;
				LD_RUNPATH_SEARCH_PATHS = "$(inherited) @executable_path/Frameworks @loader_path/Frameworks";
				PRODUCT_BUNDLE_IDENTIFIER = com.rigobertosaenz.DeliveryAppTests;
				PRODUCT_NAME = "$(TARGET_NAME)";
				SWIFT_VERSION = 3.0;
				TEST_HOST = "$(BUILT_PRODUCTS_DIR)/DeliveryApp.app/DeliveryApp";
			};
			name = Release;
		};
		B1F575D61E62712D00254154 /* Debug */ = {
			isa = XCBuildConfiguration;
			baseConfigurationReference = 7CD00B9D8EA67C20A16F999E /* Pods-DeliveryAppUITests.debug.xcconfig */;
			buildSettings = {
				ALWAYS_EMBED_SWIFT_STANDARD_LIBRARIES = YES;
				DEVELOPMENT_TEAM = 58YKL7WW5K;
				INFOPLIST_FILE = DeliveryAppUITests/Info.plist;
				LD_RUNPATH_SEARCH_PATHS = "$(inherited) @executable_path/Frameworks @loader_path/Frameworks";
				PRODUCT_BUNDLE_IDENTIFIER = com.rigobertosaenz.DeliveryAppUITests;
				PRODUCT_NAME = "$(TARGET_NAME)";
				SWIFT_VERSION = 3.0;
				TEST_TARGET_NAME = DeliveryApp;
			};
			name = Debug;
		};
		B1F575D71E62712D00254154 /* Release */ = {
			isa = XCBuildConfiguration;
			baseConfigurationReference = 5FC20405F28DC6418135CD1C /* Pods-DeliveryAppUITests.release.xcconfig */;
			buildSettings = {
				ALWAYS_EMBED_SWIFT_STANDARD_LIBRARIES = YES;
				DEVELOPMENT_TEAM = 58YKL7WW5K;
				INFOPLIST_FILE = DeliveryAppUITests/Info.plist;
				LD_RUNPATH_SEARCH_PATHS = "$(inherited) @executable_path/Frameworks @loader_path/Frameworks";
				PRODUCT_BUNDLE_IDENTIFIER = com.rigobertosaenz.DeliveryAppUITests;
				PRODUCT_NAME = "$(TARGET_NAME)";
				SWIFT_VERSION = 3.0;
				TEST_TARGET_NAME = DeliveryApp;
			};
			name = Release;
		};
/* End XCBuildConfiguration section */

/* Begin XCConfigurationList section */
		B1F575771E62712C00254154 /* Build configuration list for PBXProject "DeliveryApp" */ = {
			isa = XCConfigurationList;
			buildConfigurations = (
				B1F575C51E62712D00254154 /* Debug */,
				B1F575C61E62712D00254154 /* Release */,
			);
			defaultConfigurationIsVisible = 0;
			defaultConfigurationName = Release;
		};
		B1F575C71E62712D00254154 /* Build configuration list for PBXNativeTarget "DeliveryApp WatchKit Extension" */ = {
			isa = XCConfigurationList;
			buildConfigurations = (
				B1F575C81E62712D00254154 /* Debug */,
				B1F575C91E62712D00254154 /* Release */,
			);
			defaultConfigurationIsVisible = 0;
			defaultConfigurationName = Release;
		};
		B1F575CB1E62712D00254154 /* Build configuration list for PBXNativeTarget "DeliveryApp WatchKit App" */ = {
			isa = XCConfigurationList;
			buildConfigurations = (
				B1F575CC1E62712D00254154 /* Debug */,
				B1F575CD1E62712D00254154 /* Release */,
			);
			defaultConfigurationIsVisible = 0;
			defaultConfigurationName = Release;
		};
		B1F575CF1E62712D00254154 /* Build configuration list for PBXNativeTarget "DeliveryApp" */ = {
			isa = XCConfigurationList;
			buildConfigurations = (
				B1F575D01E62712D00254154 /* Debug */,
				B1F575D11E62712D00254154 /* Release */,
			);
			defaultConfigurationIsVisible = 0;
			defaultConfigurationName = Release;
		};
		B1F575D21E62712D00254154 /* Build configuration list for PBXNativeTarget "DeliveryAppTests" */ = {
			isa = XCConfigurationList;
			buildConfigurations = (
				B1F575D31E62712D00254154 /* Debug */,
				B1F575D41E62712D00254154 /* Release */,
			);
			defaultConfigurationIsVisible = 0;
			defaultConfigurationName = Release;
		};
		B1F575D51E62712D00254154 /* Build configuration list for PBXNativeTarget "DeliveryAppUITests" */ = {
			isa = XCConfigurationList;
			buildConfigurations = (
				B1F575D61E62712D00254154 /* Debug */,
				B1F575D71E62712D00254154 /* Release */,
			);
			defaultConfigurationIsVisible = 0;
			defaultConfigurationName = Release;
		};
/* End XCConfigurationList section */
	};
	rootObject = B1F575741E62712C00254154 /* Project object */;
}
